
Microsoft Visual Studio Solution File, Format Version 12.00
# Visual Studio 15
VisualStudioVersion = 15.0.27703.2035
MinimumVisualStudioVersion = 10.0.40219.1
Project("{FAE04EC0-301F-11D3-BF4B-00C04F79EFBC}") = "EntityFrameworkWithDatabaseFunctions", "EntityFrameworkWithDatabaseFunctions\EntityFrameworkWithDatabaseFunctions.csproj", "{9201556B-9C8C-4CB5-B90F-9281584E341A}"
EndProject
Global
	GlobalSection(SolutionConfigurationPlatforms) = preSolution
		Debug|Any CPU = Debug|Any CPU
		Release|Any CPU = Release|Any CPU
	EndGlobalSection
	GlobalSection(ProjectConfigurationPlatforms) = postSolution
		{9201556B-9C8C-4CB5-B90F-9281584E341A}.Debug|Any CPU.ActiveCfg = Debug|Any CPU
		{9201556B-9C8C-4CB5-B90F-9281584E341A}.Debug|Any CPU.Build.0 = Debug|Any CPU
		{9201556B-9C8C-4CB5-B90F-9281584E341A}.Release|Any CPU.ActiveCfg = Release|Any CPU
		{9201556B-9C8C-4CB5-B90F-9281584E341A}.Release|Any CPU.Build.0 = Release|Any CPU
	EndGlobalSection
	GlobalSection(SolutionProperties) = preSolution
		HideSolutionNode = FALSE
	EndGlobalSection
	GlobalSection(ExtensibilityGlobals) = postSolution
		SolutionGuid = {D534F105-B3C3-4279-8E0D-3A3BB8F48FF7}
	EndGlobalSection
EndGlobal
